
Microsoft Visual Studio Solution File, Format Version 12.00
# Visual Studio Version 16
VisualStudioVersion = 16.0.29324.140
MinimumVisualStudioVersion = 10.0.40219.1
Project("{FAE04EC0-301F-11D3-BF4B-00C04F79EFBC}") = "Hangfire.Demo.Server", "Hangfire.Demo.Server\Hangfire.Demo.Server.csproj", "{5508EA7C-5A46-4CC4-80C9-9C7A23AA9836}"
	ProjectSection(ProjectDependencies) = postProject
		{321AE6A8-691A-4BFF-BC69-E62731CF6BE8} = {321AE6A8-691A-4BFF-BC69-E62731CF6BE8}
	EndProjectSection
EndProject
Project("{2150E333-8FDC-42A3-9474-1A3956D46DE8}") = "Solution Items", "Solution Items", "{58EBC83F-B1DD-415C-893D-CB84B2923660}"
	ProjectSection(SolutionItems) = preProject
		.gitignore = .gitignore
		LICENSE.txt = LICENSE.txt
		README.md = README.md
	EndProjectSection
EndProject
Project("{FAE04EC0-301F-11D3-BF4B-00C04F79EFBC}") = "Hangfire.Demo.Job", "Hangfire.Demo.Job\Hangfire.Demo.Job.csproj", "{321AE6A8-691A-4BFF-BC69-E62731CF6BE8}"
EndProject
Project("{FAE04EC0-301F-11D3-BF4B-00C04F79EFBC}") = "Hangfire.Demo.Client", "Hangfire.Demo.Client\Hangfire.Demo.Client.csproj", "{C0FEFDE8-A5F6-4EE9-9F9F-6A4D69C32047}"
EndProject
Global
	GlobalSection(SolutionConfigurationPlatforms) = preSolution
		Debug|Any CPU = Debug|Any CPU
		Release|Any CPU = Release|Any CPU
	EndGlobalSection
	GlobalSection(ProjectConfigurationPlatforms) = postSolution
		{5508EA7C-5A46-4CC4-80C9-9C7A23AA9836}.Debug|Any CPU.ActiveCfg = Debug|Any CPU
		{5508EA7C-5A46-4CC4-80C9-9C7A23AA9836}.Debug|Any CPU.Build.0 = Debug|Any CPU
		{5508EA7C-5A46-4CC4-80C9-9C7A23AA9836}.Release|Any CPU.ActiveCfg = Release|Any CPU
		{5508EA7C-5A46-4CC4-80C9-9C7A23AA9836}.Release|Any CPU.Build.0 = Release|Any CPU
		{321AE6A8-691A-4BFF-BC69-E62731CF6BE8}.Debug|Any CPU.ActiveCfg = Debug|Any CPU
		{321AE6A8-691A-4BFF-BC69-E62731CF6BE8}.Debug|Any CPU.Build.0 = Debug|Any CPU
		{321AE6A8-691A-4BFF-BC69-E62731CF6BE8}.Release|Any CPU.ActiveCfg = Release|Any CPU
		{321AE6A8-691A-4BFF-BC69-E62731CF6BE8}.Release|Any CPU.Build.0 = Release|Any CPU
		{C0FEFDE8-A5F6-4EE9-9F9F-6A4D69C32047}.Debug|Any CPU.ActiveCfg = Debug|Any CPU
		{C0FEFDE8-A5F6-4EE9-9F9F-6A4D69C32047}.Debug|Any CPU.Build.0 = Debug|Any CPU
		{C0FEFDE8-A5F6-4EE9-9F9F-6A4D69C32047}.Release|Any CPU.ActiveCfg = Release|Any CPU
		{C0FEFDE8-A5F6-4EE9-9F9F-6A4D69C32047}.Release|Any CPU.Build.0 = Release|Any CPU
	EndGlobalSection
	GlobalSection(SolutionProperties) = preSolution
		HideSolutionNode = FALSE
	EndGlobalSection
	GlobalSection(ExtensibilityGlobals) = postSolution
		SolutionGuid = {1BF7029A-3135-4CDD-96E3-A80B5D3BAB63}
	EndGlobalSection
EndGlobal
